absl-py==2.5.0
ai-edge-litert-nightly==2.3.0.dev20260925
ai-edge-quantizer-nightly==0.10.0.dev20260926
annotated-doc==0.0.5
anyio==4.14.2
backports.strenum==1.2.8
certifi==2026.7.22
charset-normalizer==3.5.1
click==8.5.0
filelock==3.32.3
fire==0.7.1
flatbuffers==25.12.19
fsspec==2026.7.0
h11==0.16.0
hf-xet==1.6.0
httpcore==1.0.9
httpx==0.28.1
huggingface_hub==1.33.0
idna==3.20
immutabledict==4.2.1
jax==0.11.2
jaxlib==0.11.2
jaxtyping==0.3.11
Jinja2==3.1.6
kagglehub==1.0.2
kagglesdk==0.1.37
lark==1.3.1
litert-converter==0.5.0.dev20260925
litert-lm-builder==0.17.1
litert-torch @ file:///work/litert-torch
markdown-it-py==4.2.0
MarkupSafe==3.0.3
mdurl==0.1.2
minijinja==2.24.0
ml_dtypes==0.6.0
mpmath==1.3.0
multipledispatch==1.0.0
networkx==3.6.1
numpy==2.5.3
opt_einsum==3.4.0
ordered-set==4.1.0
packaging==26.3
pillow==12.3.0
protobuf==7.36.2
Pygments==2.21.0
PyYAML==6.0.3
regex==2026.9.10
requests==2.34.2
rich==15.0.0
safetensors==0.8.0
scipy==1.18.1
sentencepiece==0.2.2
setuptools==78.1.0
shellingham==1.5.4
sympy==1.14.0
tabulate==0.10.0
termcolor==3.3.0
tokenizers==0.22.2
tomli==2.4.1
torch==2.12.1+cpu
torchao==0.18.0
torchvision==0.27.1+cpu
tqdm==4.70.1
transformers==5.14.1
typer==0.27.2
typing_extensions==4.12.2
urllib3==2.8.0
wadler_lindig==0.1.7
xdsl==0.28.0
